// !$*UTF8*$!
{
	archiveVersion = 1;
	classes = {
	};
	objectVersion = 55;
	objects = {

/* Begin PBXBuildFile section */
		0C1396BF2FAD63700035CBE9 /* Secret.swift in Sources */ = {isa = PBXBuildFile; fileRef = 0C1396BE2FAD63700035CBE9 /* Secret.swift */; };
		0C62FF052FABAB2A00989124 /* UIColor+AppColors.swift in Sources */ = {isa = PBXBuildFile; fileRef = 0C62FF042FABAB2A00989124 /* UIColor+AppColors.swift */; };
		0C7EE3892FB150D9001B6CAF /* FavoriteLeague.swift in Sources */ = {isa = PBXBuildFile; fileRef = 0C7EE3882FB150D9001B6CAF /* FavoriteLeague.swift */; };
		0C7EE38C2FB1517D001B6CAF /* DatabaseManagerProtocol.swift in Sources */ = {isa = PBXBuildFile; fileRef = 0C7EE38B2FB1517D001B6CAF /* DatabaseManagerProtocol.swift */; };
		0C7EE38E2FB15187001B6CAF /* DatabaseManager.swift in Sources */ = {isa = PBXBuildFile; fileRef = 0C7EE38D2FB15187001B6CAF /* DatabaseManager.swift */; };
		0CB656E22FAB22D600CD3A31 /* UIFont+AppFont.swift in Sources */ = {isa = PBXBuildFile; fileRef = 0CB656E12FAB22D600CD3A31 /* UIFont+AppFont.swift */; };
		0CB656E42FAB230E00CD3A31 /* LayoutConstants.swift in Sources */ = {isa = PBXBuildFile; fileRef = 0CB656E32FAB230E00CD3A31 /* LayoutConstants.swift */; };
		0CB656EE2FAB29EB00CD3A31 /* SplashPresenter.swift in Sources */ = {isa = PBXBuildFile; fileRef = 0CB656ED2FAB29EB00CD3A31 /* SplashPresenter.swift */; };
		0CB656F82FAB36F900CD3A31 /* SplashViewController.swift in Sources */ = {isa = PBXBuildFile; fileRef = 0CB656F72FAB36F900CD3A31 /* SplashViewController.swift */; };
		0CB656FA2FAB378400CD3A31 /* UserDefaultManager.swift in Sources */ = {isa = PBXBuildFile; fileRef = 0CB656F92FAB378400CD3A31 /* UserDefaultManager.swift */; };
		0CB656FC2FAB3B2A00CD3A31 /* SplashPresenterProtocol.swift in Sources */ = {isa = PBXBuildFile; fileRef = 0CB656FB2FAB3B2A00CD3A31 /* SplashPresenterProtocol.swift */; };
		0CB656FE2FAB3B9B00CD3A31 /* SplashView.swift in Sources */ = {isa = PBXBuildFile; fileRef = 0CB656FD2FAB3B9B00CD3A31 /* SplashView.swift */; };
		0CB657012FAB3ED300CD3A31 /* DependencyContainer.swift in Sources */ = {isa = PBXBuildFile; fileRef = 0CB657002FAB3ED300CD3A31 /* DependencyContainer.swift */; };
		0CB657052FAB4ED000CD3A31 /* DependencyContainerProtocol.swift in Sources */ = {isa = PBXBuildFile; fileRef = 0CB657042FAB4ED000CD3A31 /* DependencyContainerProtocol.swift */; };
		0CB657072FAB4EE800CD3A31 /* AppRouterProtocol.swift in Sources */ = {isa = PBXBuildFile; fileRef = 0CB657062FAB4EE800CD3A31 /* AppRouterProtocol.swift */; };
		0CB657092FAB4EF300CD3A31 /* AppRouter.swift in Sources */ = {isa = PBXBuildFile; fileRef = 0CB657082FAB4EF300CD3A31 /* AppRouter.swift */; };
		0CB6570B2FAB591500CD3A31 /* SplashViewController.xib in Resources */ = {isa = PBXBuildFile; fileRef = 0CB6570A2FAB591500CD3A31 /* SplashViewController.xib */; };
		0CEEBD922FAF4D6A00B3AEF1 /* TabBarConfigurator.swift in Sources */ = {isa = PBXBuildFile; fileRef = 0CEEBD912FAF4D6A00B3AEF1 /* TabBarConfigurator.swift */; };
		0CEEBD942FAF615E00B3AEF1 /* RootContainerViewController.swift in Sources */ = {isa = PBXBuildFile; fileRef = 0CEEBD932FAF615E00B3AEF1 /* RootContainerViewController.swift */; };
		957CF9A22FB27AF400F2881F /* OverTime.xcdatamodeld in Sources */ = {isa = PBXBuildFile; fileRef = 957CF9A02FB27AF400F2881F /* OverTime.xcdatamodeld */; };
		9584D4BB2FAD306500F1509B /* SportsModels.swift in Sources */ = {isa = PBXBuildFile; fileRef = 9584D4BA2FAD306500F1509B /* SportsModels.swift */; };
		9584D4C12FAD33AE00F1509B /* Alamofire in Frameworks */ = {isa = PBXBuildFile; productRef = 9584D4C02FAD33AE00F1509B /* Alamofire */; };
		9584D4C62FAD36BC00F1509B /* SportsAPIProtocol.swift in Sources */ = {isa = PBXBuildFile; fileRef = 9584D4C32FAD36BC00F1509B /* SportsAPIProtocol.swift */; };
		9584D4C72FAD36BC00F1509B /* SportsAPIManager.swift in Sources */ = {isa = PBXBuildFile; fileRef = 9584D4C42FAD36BC00F1509B /* SportsAPIManager.swift */; };
		9584D4C82FAD36BC00F1509B /* NetworkConstants.swift in Sources */ = {isa = PBXBuildFile; fileRef = 9584D4C52FAD36BC00F1509B /* NetworkConstants.swift */; };
		9584D4CA2FAD372D00F1509B /* Secret.swift.example.swift in Sources */ = {isa = PBXBuildFile; fileRef = 9584D4C92FAD372D00F1509B /* Secret.swift.example.swift */; };
		9584D4D32FAD3B6300F1509B /* SportsPresenter.swift in Sources */ = {isa = PBXBuildFile; fileRef = 9584D4CD2FAD3B6300F1509B /* SportsPresenter.swift */; };
		9584D4D42FAD3B6300F1509B /* SportsPresenterProtocol.swift in Sources */ = {isa = PBXBuildFile; fileRef = 9584D4CE2FAD3B6300F1509B /* SportsPresenterProtocol.swift */; };
		9584D4D52FAD3B6300F1509B /* SportsCollectionViewController.swift in Sources */ = {isa = PBXBuildFile; fileRef = 9584D4D02FAD3B6300F1509B /* SportsCollectionViewController.swift */; };
		9584D4D62FAD3B6300F1509B /* SportsView.swift in Sources */ = {isa = PBXBuildFile; fileRef = 9584D4D12FAD3B6300F1509B /* SportsView.swift */; };
		9584D4D72FAD3B6300F1509B /* SportsCollectionViewCell.swift in Sources */ = {isa = PBXBuildFile; fileRef = 9584D4D22FAD3B6300F1509B /* SportsCollectionViewCell.swift */; };
		9584D4D92FAD3BD100F1509B /* Sport.swift in Sources */ = {isa = PBXBuildFile; fileRef = 9584D4D82FAD3BD100F1509B /* Sport.swift */; };
		95867B2B2FA9646200610EC5 /* AppDelegate.swift in Sources */ = {isa = PBXBuildFile; fileRef = 95867B2A2FA9646200610EC5 /* AppDelegate.swift */; };
		95867B2D2FA9646200610EC5 /* SceneDelegate.swift in Sources */ = {isa = PBXBuildFile; fileRef = 95867B2C2FA9646200610EC5 /* SceneDelegate.swift */; };
		95867B2F2FA9646200610EC5 /* ViewController.swift in Sources */ = {isa = PBXBuildFile; fileRef = 95867B2E2FA9646200610EC5 /* ViewController.swift */; };
		95867B322FA9646200610EC5 /* Main.storyboard in Resources */ = {isa = PBXBuildFile; fileRef = 95867B302FA9646200610EC5 /* Main.storyboard */; };
		95867B342FA9646400610EC5 /* Assets.xcassets in Resources */ = {isa = PBXBuildFile; fileRef = 95867B332FA9646400610EC5 /* Assets.xcassets */; };
		95867B372FA9646400610EC5 /* LaunchScreen.storyboard in Resources */ = {isa = PBXBuildFile; fileRef = 95867B352FA9646400610EC5 /* LaunchScreen.storyboard */; };
		958BD1E52FB13905007A6F76 /* LeaguesViewController.swift in Sources */ = {isa = PBXBuildFile; fileRef = 958BD1E42FB13905007A6F76 /* LeaguesViewController.swift */; };
		958BD1E72FB139E2007A6F76 /* LeaguePresenterProtocol.swift in Sources */ = {isa = PBXBuildFile; fileRef = 958BD1E62FB139E2007A6F76 /* LeaguePresenterProtocol.swift */; };
		958BD1E92FB13A40007A6F76 /* AllLeaguesPresenter.swift in Sources */ = {isa = PBXBuildFile; fileRef = 958BD1E82FB13A40007A6F76 /* AllLeaguesPresenter.swift */; };
		958BD1EC2FB13DFE007A6F76 /* SDWebImage in Frameworks */ = {isa = PBXBuildFile; productRef = 958BD1EB2FB13DFE007A6F76 /* SDWebImage */; };
		958BD1EE2FB144F0007A6F76 /* LeagueTableViewCell.swift in Sources */ = {isa = PBXBuildFile; fileRef = 958BD1ED2FB144F0007A6F76 /* LeagueTableViewCell.swift */; };
/* End PBXBuildFile section */

/* Begin PBXFileReference section */
		0C1396BE2FAD63700035CBE9 /* Secret.swift */ = {isa = PBXFileReference; lastKnownFileType = sourcecode.swift; path = Secret.swift; sourceTree = "<group>"; };
		0C62FF042FABAB2A00989124 /* UIColor+AppColors.swift */ = {isa = PBXFileReference; lastKnownFileType = sourcecode.swift; path = "UIColor+AppColors.swift"; sourceTree = "<group>"; };
		0C7EE3882FB150D9001B6CAF /* FavoriteLeague.swift */ = {isa = PBXFileReference; lastKnownFileType = sourcecode.swift; path = FavoriteLeague.swift; sourceTree = "<group>"; };
		0C7EE38B2FB1517D001B6CAF /* DatabaseManagerProtocol.swift */ = {isa = PBXFileReference; lastKnownFileType = sourcecode.swift; path = DatabaseManagerProtocol.swift; sourceTree = "<group>"; };
		0C7EE38D2FB15187001B6CAF /* DatabaseManager.swift */ = {isa = PBXFileReference; lastKnownFileType = sourcecode.swift; path = DatabaseManager.swift; sourceTree = "<group>"; };
		0CB656E12FAB22D600CD3A31 /* UIFont+AppFont.swift */ = {isa = PBXFileReference; lastKnownFileType = sourcecode.swift; path = "UIFont+AppFont.swift"; sourceTree = "<group>"; };
		0CB656E32FAB230E00CD3A31 /* LayoutConstants.swift */ = {isa = PBXFileReference; lastKnownFileType = sourcecode.swift; path = LayoutConstants.swift; sourceTree = "<group>"; };
		0CB656ED2FAB29EB00CD3A31 /* SplashPresenter.swift */ = {isa = PBXFileReference; lastKnownFileType = sourcecode.swift; path = SplashPresenter.swift; sourceTree = "<group>"; };
		0CB656F72FAB36F900CD3A31 /* SplashViewController.swift */ = {isa = PBXFileReference; lastKnownFileType = sourcecode.swift; path = SplashViewController.swift; sourceTree = "<group>"; };
		0CB656F92FAB378400CD3A31 /* UserDefaultManager.swift */ = {isa = PBXFileReference; lastKnownFileType = sourcecode.swift; path = UserDefaultManager.swift; sourceTree = "<group>"; };
		0CB656FB2FAB3B2A00CD3A31 /* SplashPresenterProtocol.swift */ = {isa = PBXFileReference; lastKnownFileType = sourcecode.swift; path = SplashPresenterProtocol.swift; sourceTree = "<group>"; };
		0CB656FD2FAB3B9B00CD3A31 /* SplashView.swift */ = {isa = PBXFileReference; lastKnownFileType = sourcecode.swift; path = SplashView.swift; sourceTree = "<group>"; };
		0CB657002FAB3ED300CD3A31 /* DependencyContainer.swift */ = {isa = PBXFileReference; lastKnownFileType = sourcecode.swift; path = DependencyContainer.swift; sourceTree = "<group>"; };
		0CB657042FAB4ED000CD3A31 /* DependencyContainerProtocol.swift */ = {isa = PBXFileReference; lastKnownFileType = sourcecode.swift; path = DependencyContainerProtocol.swift; sourceTree = "<group>"; };
		0CB657062FAB4EE800CD3A31 /* AppRouterProtocol.swift */ = {isa = PBXFileReference; lastKnownFileType = sourcecode.swift; path = AppRouterProtocol.swift; sourceTree = "<group>"; };
		0CB657082FAB4EF300CD3A31 /* AppRouter.swift */ = {isa = PBXFileReference; lastKnownFileType = sourcecode.swift; path = AppRouter.swift; sourceTree = "<group>"; };
		0CB6570A2FAB591500CD3A31 /* SplashViewController.xib */ = {isa = PBXFileReference; lastKnownFileType = file.xib; path = SplashViewController.xib; sourceTree = "<group>"; };
		0CEEBD912FAF4D6A00B3AEF1 /* TabBarConfigurator.swift */ = {isa = PBXFileReference; lastKnownFileType = sourcecode.swift; path = TabBarConfigurator.swift; sourceTree = "<group>"; };
		0CEEBD932FAF615E00B3AEF1 /* RootContainerViewController.swift */ = {isa = PBXFileReference; lastKnownFileType = sourcecode.swift; path = RootContainerViewController.swift; sourceTree = "<group>"; };
		957CF9A12FB27AF400F2881F /* OverTime.xcdatamodel */ = {isa = PBXFileReference; lastKnownFileType = wrapper.xcdatamodel; path = OverTime.xcdatamodel; sourceTree = "<group>"; };
		9584D4BA2FAD306500F1509B /* SportsModels.swift */ = {isa = PBXFileReference; fileEncoding = 4; lastKnownFileType = sourcecode.swift; path = SportsModels.swift; sourceTree = "<group>"; };
		9584D4C32FAD36BC00F1509B /* SportsAPIProtocol.swift */ = {isa = PBXFileReference; fileEncoding = 4; lastKnownFileType = sourcecode.swift; path = SportsAPIProtocol.swift; sourceTree = "<group>"; };
		9584D4C42FAD36BC00F1509B /* SportsAPIManager.swift */ = {isa = PBXFileReference; fileEncoding = 4; lastKnownFileType = sourcecode.swift; path = SportsAPIManager.swift; sourceTree = "<group>"; };
		9584D4C52FAD36BC00F1509B /* NetworkConstants.swift */ = {isa = PBXFileReference; fileEncoding = 4; lastKnownFileType = sourcecode.swift; path = NetworkConstants.swift; sourceTree = "<group>"; };
		9584D4C92FAD372D00F1509B /* Secret.swift.example.swift */ = {isa = PBXFileReference; lastKnownFileType = sourcecode.swift; path = Secret.swift.example.swift; sourceTree = "<group>"; };
		9584D4CD2FAD3B6300F1509B /* SportsPresenter.swift */ = {isa = PBXFileReference; fileEncoding = 4; lastKnownFileType = sourcecode.swift; path = SportsPresenter.swift; sourceTree = "<group>"; };
		9584D4CE2FAD3B6300F1509B /* SportsPresenterProtocol.swift */ = {isa = PBXFileReference; fileEncoding = 4; lastKnownFileType = sourcecode.swift; path = SportsPresenterProtocol.swift; sourceTree = "<group>"; };
		9584D4D02FAD3B6300F1509B /* SportsCollectionViewController.swift */ = {isa = PBXFileReference; fileEncoding = 4; lastKnownFileType = sourcecode.swift; path = SportsCollectionViewController.swift; sourceTree = "<group>"; };
		9584D4D12FAD3B6300F1509B /* SportsView.swift */ = {isa = PBXFileReference; fileEncoding = 4; lastKnownFileType = sourcecode.swift; path = SportsView.swift; sourceTree = "<group>"; };
		9584D4D22FAD3B6300F1509B /* SportsCollectionViewCell.swift */ = {isa = PBXFileReference; fileEncoding = 4; lastKnownFileType = sourcecode.swift; path = SportsCollectionViewCell.swift; sourceTree = "<group>"; };
		9584D4D82FAD3BD100F1509B /* Sport.swift */ = {isa = PBXFileReference; fileEncoding = 4; lastKnownFileType = sourcecode.swift; path = Sport.swift; sourceTree = "<group>"; };
		95867B272FA9646200610EC5 /* OverTime.app */ = {isa = PBXFileReference; explicitFileType = wrapper.application; includeInIndex = 0; path = OverTime.app; sourceTree = BUILT_PRODUCTS_DIR; };
		95867B2A2FA9646200610EC5 /* AppDelegate.swift */ = {isa = PBXFileReference; lastKnownFileType = sourcecode.swift; path = AppDelegate.swift; sourceTree = "<group>"; };
		95867B2C2FA9646200610EC5 /* SceneDelegate.swift */ = {isa = PBXFileReference; lastKnownFileType = sourcecode.swift; path = SceneDelegate.swift; sourceTree = "<group>"; };
		95867B2E2FA9646200610EC5 /* ViewController.swift */ = {isa = PBXFileReference; lastKnownFileType = sourcecode.swift; path = ViewController.swift; sourceTree = "<group>"; };
		95867B312FA9646200610EC5 /* Base */ = {isa = PBXFileReference; lastKnownFileType = file.storyboard; name = Base; path = Base.lproj/Main.storyboard; sourceTree = "<group>"; };
		95867B332FA9646400610EC5 /* Assets.xcassets */ = {isa = PBXFileReference; lastKnownFileType = folder.assetcatalog; path = Assets.xcassets; sourceTree = "<group>"; };
		95867B362FA9646400610EC5 /* Base */ = {isa = PBXFileReference; lastKnownFileType = file.storyboard; name = Base; path = Base.lproj/LaunchScreen.storyboard; sourceTree = "<group>"; };
		95867B382FA9646400610EC5 /* Info.plist */ = {isa = PBXFileReference; lastKnownFileType = text.plist.xml; path = Info.plist; sourceTree = "<group>"; };
		958BD1E42FB13905007A6F76 /* LeaguesViewController.swift */ = {isa = PBXFileReference; lastKnownFileType = sourcecode.swift; path = LeaguesViewController.swift; sourceTree = "<group>"; };
		958BD1E62FB139E2007A6F76 /* LeaguePresenterProtocol.swift */ = {isa = PBXFileReference; lastKnownFileType = sourcecode.swift; path = LeaguePresenterProtocol.swift; sourceTree = "<group>"; };
		958BD1E82FB13A40007A6F76 /* AllLeaguesPresenter.swift */ = {isa = PBXFileReference; lastKnownFileType = sourcecode.swift; path = AllLeaguesPresenter.swift; sourceTree = "<group>"; };
		958BD1ED2FB144F0007A6F76 /* LeagueTableViewCell.swift */ = {isa = PBXFileReference; lastKnownFileType = sourcecode.swift; path = LeagueTableViewCell.swift; sourceTree = "<group>"; };
/* End PBXFileReference section */

/* Begin PBXFrameworksBuildPhase section */
		95867B242FA9646200610EC5 /* Frameworks */ = {
			isa = PBXFrameworksBuildPhase;
			buildActionMask = 2147483647;
			files = (
				958BD1EC2FB13DFE007A6F76 /* SDWebImage in Frameworks */,
				9584D4C12FAD33AE00F1509B /* Alamofire in Frameworks */,
			);
			runOnlyForDeploymentPostprocessing = 0;
		};
/* End PBXFrameworksBuildPhase section */

/* Begin PBXGroup section */
		0C7EE3872FB150C0001B6CAF /* Local */ = {
			isa = PBXGroup;
			children = (
				0C7EE3882FB150D9001B6CAF /* FavoriteLeague.swift */,
			);
			path = Local;
			sourceTree = "<group>";
		};
		0C7EE38A2FB1516A001B6CAF /* Database */ = {
			isa = PBXGroup;
			children = (
				0C7EE38B2FB1517D001B6CAF /* DatabaseManagerProtocol.swift */,
				0C7EE38D2FB15187001B6CAF /* DatabaseManager.swift */,
				957CF9A02FB27AF400F2881F /* OverTime.xcdatamodeld */,
			);
			path = Database;
			sourceTree = "<group>";
		};
		0CB656DC2FAB218300CD3A31 /* Modules */ = {
			isa = PBXGroup;
			children = (
				958BD1E12FB1319C007A6F76 /* Leagues */,
				9584D4CB2FAD3B6300F1509B /* Sports */,
				0CB656E72FAB241900CD3A31 /* Splash */,
			);
			path = Modules;
			sourceTree = "<group>";
		};
		0CB656DD2FAB219B00CD3A31 /* Data */ = {
			isa = PBXGroup;
			children = (
				9584D4B92FAD306500F1509B /* Models */,
			);
			path = Data;
			sourceTree = "<group>";
		};
		0CB656DE2FAB227700CD3A31 /* Utils */ = {
			isa = PBXGroup;
			children = (
				0CB656E12FAB22D600CD3A31 /* UIFont+AppFont.swift */,
				0CB656E32FAB230E00CD3A31 /* LayoutConstants.swift */,
				0CB656F92FAB378400CD3A31 /* UserDefaultManager.swift */,
				0C62FF042FABAB2A00989124 /* UIColor+AppColors.swift */,
			);
			path = Utils;
			sourceTree = "<group>";
		};
		0CB656E72FAB241900CD3A31 /* Splash */ = {
			isa = PBXGroup;
			children = (
				0CB656E92FAB242D00CD3A31 /* Presenter */,
				0CB656E82FAB242400CD3A31 /* View */,
			);
			path = Splash;
			sourceTree = "<group>";
		};
		0CB656E82FAB242400CD3A31 /* View */ = {
			isa = PBXGroup;
			children = (
				0CB656F72FAB36F900CD3A31 /* SplashViewController.swift */,
				0CB656FD2FAB3B9B00CD3A31 /* SplashView.swift */,
				0CB6570A2FAB591500CD3A31 /* SplashViewController.xib */,
			);
			path = View;
			sourceTree = "<group>";
		};
		0CB656E92FAB242D00CD3A31 /* Presenter */ = {
			isa = PBXGroup;
			children = (
				0CB656ED2FAB29EB00CD3A31 /* SplashPresenter.swift */,
				0CB656FB2FAB3B2A00CD3A31 /* SplashPresenterProtocol.swift */,
			);
			path = Presenter;
			sourceTree = "<group>";
		};
		0CB656FF2FAB3E6100CD3A31 /* DI */ = {
			isa = PBXGroup;
			children = (
				0CB657002FAB3ED300CD3A31 /* DependencyContainer.swift */,
				0CB657042FAB4ED000CD3A31 /* DependencyContainerProtocol.swift */,
			);
			path = DI;
			sourceTree = "<group>";
		};
		0CB657022FAB4EA400CD3A31 /* Core */ = {
			isa = PBXGroup;
			children = (
				0CB657032FAB4EAE00CD3A31 /* Routing */,
				0CB656FF2FAB3E6100CD3A31 /* DI */,
			);
			path = Core;
			sourceTree = "<group>";
		};
		0CB657032FAB4EAE00CD3A31 /* Routing */ = {
			isa = PBXGroup;
			children = (
				0CB657062FAB4EE800CD3A31 /* AppRouterProtocol.swift */,
				0CB657082FAB4EF300CD3A31 /* AppRouter.swift */,
				0CEEBD912FAF4D6A00B3AEF1 /* TabBarConfigurator.swift */,
				0CEEBD932FAF615E00B3AEF1 /* RootContainerViewController.swift */,
			);
			path = Routing;
			sourceTree = "<group>";
		};
		9584D4B92FAD306500F1509B /* Models */ = {
			isa = PBXGroup;
			children = (
				0C7EE3872FB150C0001B6CAF /* Local */,
				9584D4D82FAD3BD100F1509B /* Sport.swift */,
				9584D4BA2FAD306500F1509B /* SportsModels.swift */,
			);
			path = Models;
			sourceTree = "<group>";
		};
		9584D4C22FAD36BC00F1509B /* Networking */ = {
			isa = PBXGroup;
			children = (
				9584D4C32FAD36BC00F1509B /* SportsAPIProtocol.swift */,
				9584D4C42FAD36BC00F1509B /* SportsAPIManager.swift */,
				9584D4C52FAD36BC00F1509B /* NetworkConstants.swift */,
			);
			path = Networking;
			sourceTree = "<group>";
		};
		9584D4CB2FAD3B6300F1509B /* Sports */ = {
			isa = PBXGroup;
			children = (
				9584D4CC2FAD3B6300F1509B /* Presenter */,
				9584D4CF2FAD3B6300F1509B /* View */,
			);
			path = Sports;
			sourceTree = "<group>";
		};
		9584D4CC2FAD3B6300F1509B /* Presenter */ = {
			isa = PBXGroup;
			children = (
				9584D4CD2FAD3B6300F1509B /* SportsPresenter.swift */,
				9584D4CE2FAD3B6300F1509B /* SportsPresenterProtocol.swift */,
			);
			path = Presenter;
			sourceTree = "<group>";
		};
		9584D4CF2FAD3B6300F1509B /* View */ = {
			isa = PBXGroup;
			children = (
				9584D4D02FAD3B6300F1509B /* SportsCollectionViewController.swift */,
				9584D4D12FAD3B6300F1509B /* SportsView.swift */,
				9584D4D22FAD3B6300F1509B /* SportsCollectionViewCell.swift */,
			);
			path = View;
			sourceTree = "<group>";
		};
		95867B1E2FA9646200610EC5 = {
			isa = PBXGroup;
			children = (
				95867B292FA9646200610EC5 /* OverTime */,
				95867B282FA9646200610EC5 /* Products */,
			);
			sourceTree = "<group>";
		};
		95867B282FA9646200610EC5 /* Products */ = {
			isa = PBXGroup;
			children = (
				95867B272FA9646200610EC5 /* OverTime.app */,
			);
			name = Products;
			sourceTree = "<group>";
		};
		95867B292FA9646200610EC5 /* OverTime */ = {
			isa = PBXGroup;
			children = (
				0C7EE38A2FB1516A001B6CAF /* Database */,
				9584D4C22FAD36BC00F1509B /* Networking */,
				0CB657022FAB4EA400CD3A31 /* Core */,
				0CB656DE2FAB227700CD3A31 /* Utils */,
				0CB656DD2FAB219B00CD3A31 /* Data */,
				0CB656DC2FAB218300CD3A31 /* Modules */,
				95867B2A2FA9646200610EC5 /* AppDelegate.swift */,
				95867B2C2FA9646200610EC5 /* SceneDelegate.swift */,
				95867B2E2FA9646200610EC5 /* ViewController.swift */,
				95867B302FA9646200610EC5 /* Main.storyboard */,
				95867B332FA9646400610EC5 /* Assets.xcassets */,
				95867B352FA9646400610EC5 /* LaunchScreen.storyboard */,
				95867B382FA9646400610EC5 /* Info.plist */,
				9584D4C92FAD372D00F1509B /* Secret.swift.example.swift */,
				0C1396BE2FAD63700035CBE9 /* Secret.swift */,
			);
			path = OverTime;
			sourceTree = "<group>";
		};
		958BD1E12FB1319C007A6F76 /* Leagues */ = {
			isa = PBXGroup;
			children = (
				958BD1E32FB131C5007A6F76 /* Presenter */,
				958BD1E22FB131B5007A6F76 /* View */,
			);
			path = Leagues;
			sourceTree = "<group>";
		};
		958BD1E22FB131B5007A6F76 /* View */ = {
			isa = PBXGroup;
			children = (
				958BD1E42FB13905007A6F76 /* LeaguesViewController.swift */,
				958BD1ED2FB144F0007A6F76 /* LeagueTableViewCell.swift */,
			);
			path = View;
			sourceTree = "<group>";
		};
		958BD1E32FB131C5007A6F76 /* Presenter */ = {
			isa = PBXGroup;
			children = (
				958BD1E62FB139E2007A6F76 /* LeaguePresenterProtocol.swift */,
				958BD1E82FB13A40007A6F76 /* AllLeaguesPresenter.swift */,
			);
			path = Presenter;
			sourceTree = "<group>";
		};
/* End PBXGroup section */

/* Begin PBXNativeTarget section */
		95867B262FA9646200610EC5 /* OverTime */ = {
			isa = PBXNativeTarget;
			buildConfigurationList = 95867B3B2FA9646400610EC5 /* Build configuration list for PBXNativeTarget "OverTime" */;
			buildPhases = (
				95867B232FA9646200610EC5 /* Sources */,
				95867B242FA9646200610EC5 /* Frameworks */,
				95867B252FA9646200610EC5 /* Resources */,
			);
			buildRules = (
			);
			dependencies = (
			);
			name = OverTime;
			packageProductDependencies = (
				9584D4C02FAD33AE00F1509B /* Alamofire */,
				958BD1EB2FB13DFE007A6F76 /* SDWebImage */,
			);
			productName = OverTime;
			productReference = 95867B272FA9646200610EC5 /* OverTime.app */;
			productType = "com.apple.product-type.application";
		};
/* End PBXNativeTarget section */

/* Begin PBXProject section */
		95867B1F2FA9646200610EC5 /* Project object */ = {
			isa = PBXProject;
			attributes = {
				BuildIndependentTargetsInParallel = 1;
				LastSwiftUpdateCheck = 1320;
				LastUpgradeCheck = 1320;
				TargetAttributes = {
					95867B262FA9646200610EC5 = {
						CreatedOnToolsVersion = 13.2.1;
					};
				};
			};
			buildConfigurationList = 95867B222FA9646200610EC5 /* Build configuration list for PBXProject "OverTime" */;
			compatibilityVersion = "Xcode 13.0";
			developmentRegion = en;
			hasScannedForEncodings = 0;
			knownRegions = (
				en,
				Base,
			);
			mainGroup = 95867B1E2FA9646200610EC5;
			packageReferences = (
				9584D4BF2FAD33AE00F1509B /* XCRemoteSwiftPackageReference "Alamofire" */,
				958BD1EA2FB13DFE007A6F76 /* XCRemoteSwiftPackageReference "sdwebimage" */,
			);
			productRefGroup = 95867B282FA9646200610EC5 /* Products */;
			projectDirPath = "";
			projectRoot = "";
			targets = (
				95867B262FA9646200610EC5 /* OverTime */,
			);
		};
/* End PBXProject section */

/* Begin PBXResourcesBuildPhase section */
		95867B252FA9646200610EC5 /* Resources */ = {
			isa = PBXResourcesBuildPhase;
			buildActionMask = 2147483647;
			files = (
				0CB6570B2FAB591500CD3A31 /* SplashViewController.xib in Resources */,
				95867B372FA9646400610EC5 /* LaunchScreen.storyboard in Resources */,
				95867B342FA9646400610EC5 /* Assets.xcassets in Resources */,
				95867B322FA9646200610EC5 /* Main.storyboard in Resources */,
			);
			runOnlyForDeploymentPostprocessing = 0;
		};
/* End PBXResourcesBuildPhase section */

/* Begin PBXSourcesBuildPhase section */
		95867B232FA9646200610EC5 /* Sources */ = {
			isa = PBXSourcesBuildPhase;
			buildActionMask = 2147483647;
			files = (
				0C7EE38E2FB15187001B6CAF /* DatabaseManager.swift in Sources */,
				9584D4D62FAD3B6300F1509B /* SportsView.swift in Sources */,
				9584D4BB2FAD306500F1509B /* SportsModels.swift in Sources */,
				0C7EE38C2FB1517D001B6CAF /* DatabaseManagerProtocol.swift in Sources */,
				95867B2F2FA9646200610EC5 /* ViewController.swift in Sources */,
				957CF9A22FB27AF400F2881F /* OverTime.xcdatamodeld in Sources */,
				0CB656FE2FAB3B9B00CD3A31 /* SplashView.swift in Sources */,
				0CB657072FAB4EE800CD3A31 /* AppRouterProtocol.swift in Sources */,
				0CB656EE2FAB29EB00CD3A31 /* SplashPresenter.swift in Sources */,
				0CB656E22FAB22D600CD3A31 /* UIFont+AppFont.swift in Sources */,
				958BD1EE2FB144F0007A6F76 /* LeagueTableViewCell.swift in Sources */,
				958BD1E72FB139E2007A6F76 /* LeaguePresenterProtocol.swift in Sources */,
				0CB657052FAB4ED000CD3A31 /* DependencyContainerProtocol.swift in Sources */,
				0CB656FC2FAB3B2A00CD3A31 /* SplashPresenterProtocol.swift in Sources */,
				0CB657092FAB4EF300CD3A31 /* AppRouter.swift in Sources */,
				958BD1E92FB13A40007A6F76 /* AllLeaguesPresenter.swift in Sources */,
				9584D4D42FAD3B6300F1509B /* SportsPresenterProtocol.swift in Sources */,
				9584D4D72FAD3B6300F1509B /* SportsCollectionViewCell.swift in Sources */,
				0CB656E42FAB230E00CD3A31 /* LayoutConstants.swift in Sources */,
				95867B2B2FA9646200610EC5 /* AppDelegate.swift in Sources */,
				0CB656FA2FAB378400CD3A31 /* UserDefaultManager.swift in Sources */,
				9584D4D52FAD3B6300F1509B /* SportsCollectionViewController.swift in Sources */,
				9584D4C82FAD36BC00F1509B /* NetworkConstants.swift in Sources */,
				958BD1E52FB13905007A6F76 /* LeaguesViewController.swift in Sources */,
				95867B2D2FA9646200610EC5 /* SceneDelegate.swift in Sources */,
				0C7EE3892FB150D9001B6CAF /* FavoriteLeague.swift in Sources */,
				0CEEBD922FAF4D6A00B3AEF1 /* TabBarConfigurator.swift in Sources */,
				9584D4C72FAD36BC00F1509B /* SportsAPIManager.swift in Sources */,
				0CEEBD942FAF615E00B3AEF1 /* RootContainerViewController.swift in Sources */,
				9584D4D92FAD3BD100F1509B /* Sport.swift in Sources */,
				9584D4D32FAD3B6300F1509B /* SportsPresenter.swift in Sources */,
				9584D4C62FAD36BC00F1509B /* SportsAPIProtocol.swift in Sources */,
				0C62FF052FABAB2A00989124 /* UIColor+AppColors.swift in Sources */,
				9584D4CA2FAD372D00F1509B /* Secret.swift.example.swift in Sources */,
				0CB657012FAB3ED300CD3A31 /* DependencyContainer.swift in Sources */,
				0C1396BF2FAD63700035CBE9 /* Secret.swift in Sources */,
				0CB656F82FAB36F900CD3A31 /* SplashViewController.swift in Sources */,
			);
			runOnlyForDeploymentPostprocessing = 0;
		};
/* End PBXSourcesBuildPhase section */

/* Begin PBXVariantGroup section */
		95867B302FA9646200610EC5 /* Main.storyboard */ = {
			isa = PBXVariantGroup;
			children = (
				95867B312FA9646200610EC5 /* Base */,
			);
			name = Main.storyboard;
			sourceTree = "<group>";
		};
		95867B352FA9646400610EC5 /* LaunchScreen.storyboard */ = {
			isa = PBXVariantGroup;
			children = (
				95867B362FA9646400610EC5 /* Base */,
			);
			name = LaunchScreen.storyboard;
			sourceTree = "<group>";
		};
/* End PBXVariantGroup section */

/* Begin XCBuildConfiguration section */
		95867B392FA9646400610EC5 /* Debug */ = {
			isa = XCBuildConfiguration;
			buildSettings = {
				ALWAYS_SEARCH_USER_PATHS = NO;
				CLANG_ANALYZER_NONNULL = YES;
				CLANG_ANALYZER_NUMBER_OBJECT_CONVERSION = YES_AGGRESSIVE;
				CLANG_CXX_LANGUAGE_STANDARD = "gnu++17";
				CLANG_CXX_LIBRARY = "libc++";
				CLANG_ENABLE_MODULES = YES;
				CLANG_ENABLE_OBJC_ARC = YES;
				CLANG_ENABLE_OBJC_WEAK = YES;
				CLANG_WARN_BLOCK_CAPTURE_AUTORELEASING = YES;
				CLANG_WARN_BOOL_CONVERSION = YES;
				CLANG_WARN_COMMA = YES;
				CLANG_WARN_CONSTANT_CONVERSION = YES;
				CLANG_WARN_DEPRECATED_OBJC_IMPLEMENTATIONS = YES;
				CLANG_WARN_DIRECT_OBJC_ISA_USAGE = YES_ERROR;
				CLANG_WARN_DOCUMENTATION_COMMENTS = YES;
				CLANG_WARN_EMPTY_BODY = YES;
				CLANG_WARN_ENUM_CONVERSION = YES;
				CLANG_WARN_INFINITE_RECURSION = YES;
				CLANG_WARN_INT_CONVERSION = YES;
				CLANG_WARN_NON_LITERAL_NULL_CONVERSION = YES;
				CLANG_WARN_OBJC_IMPLICIT_RETAIN_SELF = YES;
				CLANG_WARN_OBJC_LITERAL_CONVERSION = YES;
				CLANG_WARN_OBJC_ROOT_CLASS = YES_ERROR;
				CLANG_WARN_QUOTED_INCLUDE_IN_FRAMEWORK_HEADER = YES;
				CLANG_WARN_RANGE_LOOP_ANALYSIS = YES;
				CLANG_WARN_STRICT_PROTOTYPES = YES;
				CLANG_WARN_SUSPICIOUS_MOVE = YES;
				CLANG_WARN_UNGUARDED_AVAILABILITY = YES_AGGRESSIVE;
				CLANG_WARN_UNREACHABLE_CODE = YES;
				CLANG_WARN__DUPLICATE_METHOD_MATCH = YES;
				COPY_PHASE_STRIP = NO;
				DEBUG_INFORMATION_FORMAT = dwarf;
				ENABLE_STRICT_OBJC_MSGSEND = YES;
				ENABLE_TESTABILITY = YES;
				GCC_C_LANGUAGE_STANDARD = gnu11;
				GCC_DYNAMIC_NO_PIC = NO;
				GCC_NO_COMMON_BLOCKS = YES;
				GCC_OPTIMIZATION_LEVEL = 0;
				GCC_PREPROCESSOR_DEFINITIONS = (
					"DEBUG=1",
					"$(inherited)",
				);
				GCC_WARN_64_TO_32_BIT_CONVERSION = YES;
				GCC_WARN_ABOUT_RETURN_TYPE = YES_ERROR;
				GCC_WARN_UNDECLARED_SELECTOR = YES;
				GCC_WARN_UNINITIALIZED_AUTOS = YES_AGGRESSIVE;
				GCC_WARN_UNUSED_FUNCTION = YES;
				GCC_WARN_UNUSED_VARIABLE = YES;
				IPHONEOS_DEPLOYMENT_TARGET = 15.2;
				MTL_ENABLE_DEBUG_INFO = INCLUDE_SOURCE;
				MTL_FAST_MATH = YES;
				ONLY_ACTIVE_ARCH = YES;
				SDKROOT = iphoneos;
				SWIFT_ACTIVE_COMPILATION_CONDITIONS = DEBUG;
				SWIFT_OPTIMIZATION_LEVEL = "-Onone";
			};
			name = Debug;
		};
		95867B3A2FA9646400610EC5 /* Release */ = {
			isa = XCBuildConfiguration;
			buildSettings = {
				ALWAYS_SEARCH_USER_PATHS = NO;
				CLANG_ANALYZER_NONNULL = YES;
				CLANG_ANALYZER_NUMBER_OBJECT_CONVERSION = YES_AGGRESSIVE;
				CLANG_CXX_LANGUAGE_STANDARD = "gnu++17";
				CLANG_CXX_LIBRARY = "libc++";
				CLANG_ENABLE_MODULES = YES;
				CLANG_ENABLE_OBJC_ARC = YES;
				CLANG_ENABLE_OBJC_WEAK = YES;
				CLANG_WARN_BLOCK_CAPTURE_AUTORELEASING = YES;
				CLANG_WARN_BOOL_CONVERSION = YES;
				CLANG_WARN_COMMA = YES;
				CLANG_WARN_CONSTANT_CONVERSION = YES;
				CLANG_WARN_DEPRECATED_OBJC_IMPLEMENTATIONS = YES;
				CLANG_WARN_DIRECT_OBJC_ISA_USAGE = YES_ERROR;
				CLANG_WARN_DOCUMENTATION_COMMENTS = YES;
				CLANG_WARN_EMPTY_BODY = YES;
				CLANG_WARN_ENUM_CONVERSION = YES;
				CLANG_WARN_INFINITE_RECURSION = YES;
				CLANG_WARN_INT_CONVERSION = YES;
				CLANG_WARN_NON_LITERAL_NULL_CONVERSION = YES;
				CLANG_WARN_OBJC_IMPLICIT_RETAIN_SELF = YES;
				CLANG_WARN_OBJC_LITERAL_CONVERSION = YES;
				CLANG_WARN_OBJC_ROOT_CLASS = YES_ERROR;
				CLANG_WARN_QUOTED_INCLUDE_IN_FRAMEWORK_HEADER = YES;
				CLANG_WARN_RANGE_LOOP_ANALYSIS = YES;
				CLANG_WARN_STRICT_PROTOTYPES = YES;
				CLANG_WARN_SUSPICIOUS_MOVE = YES;
				CLANG_WARN_UNGUARDED_AVAILABILITY = YES_AGGRESSIVE;
				CLANG_WARN_UNREACHABLE_CODE = YES;
				CLANG_WARN__DUPLICATE_METHOD_MATCH = YES;
				COPY_PHASE_STRIP = NO;
				DEBUG_INFORMATION_FORMAT = "dwarf-with-dsym";
				ENABLE_NS_ASSERTIONS = NO;
				ENABLE_STRICT_OBJC_MSGSEND = YES;
				GCC_C_LANGUAGE_STANDARD = gnu11;
				GCC_NO_COMMON_BLOCKS = YES;
				GCC_WARN_64_TO_32_BIT_CONVERSION = YES;
				GCC_WARN_ABOUT_RETURN_TYPE = YES_ERROR;
				GCC_WARN_UNDECLARED_SELECTOR = YES;
				GCC_WARN_UNINITIALIZED_AUTOS = YES_AGGRESSIVE;
				GCC_WARN_UNUSED_FUNCTION = YES;
				GCC_WARN_UNUSED_VARIABLE = YES;
				IPHONEOS_DEPLOYMENT_TARGET = 15.2;
				MTL_ENABLE_DEBUG_INFO = NO;
				MTL_FAST_MATH = YES;
				SDKROOT = iphoneos;
				SWIFT_COMPILATION_MODE = wholemodule;
				SWIFT_OPTIMIZATION_LEVEL = "-O";
				VALIDATE_PRODUCT = YES;
			};
			name = Release;
		};
		95867B3C2FA9646400610EC5 /* Debug */ = {
			isa = XCBuildConfiguration;
			buildSettings = {
				ASSETCATALOG_COMPILER_APPICON_NAME = AppIcon;
				ASSETCATALOG_COMPILER_GLOBAL_ACCENT_COLOR_NAME = AccentColor;
				CODE_SIGN_STYLE = Automatic;
				CURRENT_PROJECT_VERSION = 1;
				GENERATE_INFOPLIST_FILE = YES;
				INFOPLIST_FILE = OverTime/Info.plist;
				INFOPLIST_KEY_UIApplicationSupportsIndirectInputEvents = YES;
				INFOPLIST_KEY_UILaunchStoryboardName = LaunchScreen;
				INFOPLIST_KEY_UIMainStoryboardFile = Main;
				INFOPLIST_KEY_UISupportedInterfaceOrientations_iPad = "UIInterfaceOrientationPortrait UIInterfaceOrientationPortraitUpsideDown UIInterfaceOrientationLandscapeLeft UIInterfaceOrientationLandscapeRight";
				INFOPLIST_KEY_UISupportedInterfaceOrientations_iPhone = "UIInterfaceOrientationPortrait UIInterfaceOrientationLandscapeLeft UIInterfaceOrientationLandscapeRight";
				LD_RUNPATH_SEARCH_PATHS = (
					"$(inherited)",
					"@executable_path/Frameworks",
				);
				MARKETING_VERSION = 1.0;
				PRODUCT_BUNDLE_IDENTIFIER = com.OverTime;
				PRODUCT_NAME = "$(TARGET_NAME)";
				SWIFT_EMIT_LOC_STRINGS = YES;
				SWIFT_VERSION = 5.0;
				TARGETED_DEVICE_FAMILY = "1,2";
			};
			name = Debug;
		};
		95867B3D2FA9646400610EC5 /* Release */ = {
			isa = XCBuildConfiguration;
			buildSettings = {
				ASSETCATALOG_COMPILER_APPICON_NAME = AppIcon;
				ASSETCATALOG_COMPILER_GLOBAL_ACCENT_COLOR_NAME = AccentColor;
				CODE_SIGN_STYLE = Automatic;
				CURRENT_PROJECT_VERSION = 1;
				GENERATE_INFOPLIST_FILE = YES;
				INFOPLIST_FILE = OverTime/Info.plist;
				INFOPLIST_KEY_UIApplicationSupportsIndirectInputEvents = YES;
				INFOPLIST_KEY_UILaunchStoryboardName = LaunchScreen;
				INFOPLIST_KEY_UIMainStoryboardFile = Main;
				INFOPLIST_KEY_UISupportedInterfaceOrientations_iPad = "UIInterfaceOrientationPortrait UIInterfaceOrientationPortraitUpsideDown UIInterfaceOrientationLandscapeLeft UIInterfaceOrientationLandscapeRight";
				INFOPLIST_KEY_UISupportedInterfaceOrientations_iPhone = "UIInterfaceOrientationPortrait UIInterfaceOrientationLandscapeLeft UIInterfaceOrientationLandscapeRight";
				LD_RUNPATH_SEARCH_PATHS = (
					"$(inherited)",
					"@executable_path/Frameworks",
				);
				MARKETING_VERSION = 1.0;
				PRODUCT_BUNDLE_IDENTIFIER = com.OverTime;
				PRODUCT_NAME = "$(TARGET_NAME)";
				SWIFT_EMIT_LOC_STRINGS = YES;
				SWIFT_VERSION = 5.0;
				TARGETED_DEVICE_FAMILY = "1,2";
			};
			name = Release;
		};
/* End XCBuildConfiguration section */

/* Begin XCConfigurationList section */
		95867B222FA9646200610EC5 /* Build configuration list for PBXProject "OverTime" */ = {
			isa = XCConfigurationList;
			buildConfigurations = (
				95867B392FA9646400610EC5 /* Debug */,
				95867B3A2FA9646400610EC5 /* Release */,
			);
			defaultConfigurationIsVisible = 0;
			defaultConfigurationName = Release;
		};
		95867B3B2FA9646400610EC5 /* Build configuration list for PBXNativeTarget "OverTime" */ = {
			isa = XCConfigurationList;
			buildConfigurations = (
				95867B3C2FA9646400610EC5 /* Debug */,
				95867B3D2FA9646400610EC5 /* Release */,
			);
			defaultConfigurationIsVisible = 0;
			defaultConfigurationName = Release;
		};
/* End XCConfigurationList section */

/* Begin XCRemoteSwiftPackageReference section */
		9584D4BF2FAD33AE00F1509B /* XCRemoteSwiftPackageReference "Alamofire" */ = {
			isa = XCRemoteSwiftPackageReference;
			repositoryURL = "https://github.com/Alamofire/Alamofire.git";
			requirement = {
				kind = exactVersion;
				version = 5.8.1;
			};
		};
		958BD1EA2FB13DFE007A6F76 /* XCRemoteSwiftPackageReference "sdwebimage" */ = {
			isa = XCRemoteSwiftPackageReference;
			repositoryURL = "https://github.com/sdwebimage/sdwebimage";
			requirement = {
				kind = exactVersion;
				version = 5.15.0;
			};
		};
/* End XCRemoteSwiftPackageReference section */

/* Begin XCSwiftPackageProductDependency section */
		9584D4C02FAD33AE00F1509B /* Alamofire */ = {
			isa = XCSwiftPackageProductDependency;
			package = 9584D4BF2FAD33AE00F1509B /* XCRemoteSwiftPackageReference "Alamofire" */;
			productName = Alamofire;
		};
		958BD1EB2FB13DFE007A6F76 /* SDWebImage */ = {
			isa = XCSwiftPackageProductDependency;
			package = 958BD1EA2FB13DFE007A6F76 /* XCRemoteSwiftPackageReference "sdwebimage" */;
			productName = SDWebImage;
		};
/* End XCSwiftPackageProductDependency section */

/* Begin XCVersionGroup section */
		957CF9A02FB27AF400F2881F /* OverTime.xcdatamodeld */ = {
			isa = XCVersionGroup;
			children = (
				957CF9A12FB27AF400F2881F /* OverTime.xcdatamodel */,
			);
			currentVersion = 957CF9A12FB27AF400F2881F /* OverTime.xcdatamodel */;
			path = OverTime.xcdatamodeld;
			sourceTree = "<group>";
			versionGroupType = wrapper.xcdatamodel;
		};
/* End XCVersionGroup section */
	};
	rootObject = 95867B1F2FA9646200610EC5 /* Project object */;
}
